// !$*UTF8*$!
{
	archiveVersion = 1;
	classes = {
	};
	objectVersion = 55;
	objects = {

/* Begin PBXBuildFile section */
		840339B5279EBF4C00592615 /* AppDelegate.swift in Sources */ = {isa = PBXBuildFile; fileRef = 84AA5A64279E9B9500157AFA /* AppDelegate.swift */; };
		840339B6279EC30600592615 /* LoginViewController.swift in Sources */ = {isa = PBXBuildFile; fileRef = 84AA5A78279EA61700157AFA /* LoginViewController.swift */; };
		840339B7279EC30900592615 /* TableViewInputCell.swift in Sources */ = {isa = PBXBuildFile; fileRef = 84AA5A7A279EA93E00157AFA /* TableViewInputCell.swift */; };
		8444661727BBD36E00DC79CB /* Localizable.strings in Resources */ = {isa = PBXBuildFile; fileRef = 8444661927BBD36E00DC79CB /* Localizable.strings */; };
		844D550827B681920014E66C /* LoginViewModel.swift in Sources */ = {isa = PBXBuildFile; fileRef = 844D550727B681920014E66C /* LoginViewModel.swift */; };
		844E6A2C279FD1DE0039B5CF /* Enum.swift in Sources */ = {isa = PBXBuildFile; fileRef = 844E6A2B279FD1DE0039B5CF /* Enum.swift */; };
		844ED1B127AD23D80050C874 /* DescriptionViewController.swift in Sources */ = {isa = PBXBuildFile; fileRef = 844ED1B027AD23D80050C874 /* DescriptionViewController.swift */; };
		844F1EA027AD55D200B8FC74 /* TableViewCellOne.swift in Sources */ = {isa = PBXBuildFile; fileRef = 844F1E9E27AD55D200B8FC74 /* TableViewCellOne.swift */; };
		844F1EA127AD55D200B8FC74 /* TableViewCellOne.xib in Resources */ = {isa = PBXBuildFile; fileRef = 844F1E9F27AD55D200B8FC74 /* TableViewCellOne.xib */; };
		84549E9B27A285A2001A49BD /* EmailHelper.swift in Sources */ = {isa = PBXBuildFile; fileRef = 84549E9A27A285A2001A49BD /* EmailHelper.swift */; };
		84549E9D27A285C2001A49BD /* LoginHelper.swift in Sources */ = {isa = PBXBuildFile; fileRef = 84549E9C27A285C2001A49BD /* LoginHelper.swift */; };
		84549E9F27A285D3001A49BD /* PasswordHelper.swift in Sources */ = {isa = PBXBuildFile; fileRef = 84549E9E27A285D3001A49BD /* PasswordHelper.swift */; };
		8456B44927BA36290040EB32 /* DataSourceRegistration.swift in Sources */ = {isa = PBXBuildFile; fileRef = 8456B44827BA36290040EB32 /* DataSourceRegistration.swift */; };
		8456B44B27BA4F390040EB32 /* DataSourceSignin.swift in Sources */ = {isa = PBXBuildFile; fileRef = 8456B44A27BA4F390040EB32 /* DataSourceSignin.swift */; };
		8456B44D27BA56990040EB32 /* AuthTableHeader.swift in Sources */ = {isa = PBXBuildFile; fileRef = 8456B44C27BA56990040EB32 /* AuthTableHeader.swift */; };
		8456B44F27BA64260040EB32 /* AuthTableFooter.swift in Sources */ = {isa = PBXBuildFile; fileRef = 8456B44E27BA64260040EB32 /* AuthTableFooter.swift */; };
		846C47A227ABF69200E7784F /* MapViewController.swift in Sources */ = {isa = PBXBuildFile; fileRef = 846C47A127ABF69200E7784F /* MapViewController.swift */; };
		8478CEF727A3DA2800BB4731 /* MainViewController.swift in Sources */ = {isa = PBXBuildFile; fileRef = 8478CEF627A3DA2800BB4731 /* MainViewController.swift */; };
		8478CEFB27A3EDAE00BB4731 /* Navigation.swift in Sources */ = {isa = PBXBuildFile; fileRef = 8478CEFA27A3EDAE00BB4731 /* Navigation.swift */; };
		8483090427B533B4001DFB82 /* LoginManager.swift in Sources */ = {isa = PBXBuildFile; fileRef = 8483090327B533B4001DFB82 /* LoginManager.swift */; };
		84AA5A6E279E9B9700157AFA /* Assets.xcassets in Resources */ = {isa = PBXBuildFile; fileRef = 84AA5A6D279E9B9700157AFA /* Assets.xcassets */; };
		84AA5A71279E9B9700157AFA /* LaunchScreen.storyboard in Resources */ = {isa = PBXBuildFile; fileRef = 84AA5A6F279E9B9700157AFA /* LaunchScreen.storyboard */; };
/* End PBXBuildFile section */

/* Begin PBXFileReference section */
		8444661427BBD21E00DC79CB /* ru */ = {isa = PBXFileReference; lastKnownFileType = text.plist.strings; name = ru; path = ru.lproj/LaunchScreen.strings; sourceTree = "<group>"; };
		8444661827BBD36E00DC79CB /* ru */ = {isa = PBXFileReference; lastKnownFileType = text.plist.strings; name = ru; path = ru.lproj/Localizable.strings; sourceTree = "<group>"; };
		8444661B27BBD3CF00DC79CB /* en */ = {isa = PBXFileReference; lastKnownFileType = text.plist.strings; name = en; path = en.lproj/Localizable.strings; sourceTree = "<group>"; };
		844D550727B681920014E66C /* LoginViewModel.swift */ = {isa = PBXFileReference; lastKnownFileType = sourcecode.swift; path = LoginViewModel.swift; sourceTree = "<group>"; };
		844E6A2B279FD1DE0039B5CF /* Enum.swift */ = {isa = PBXFileReference; lastKnownFileType = sourcecode.swift; path = Enum.swift; sourceTree = "<group>"; };
		844ED1B027AD23D80050C874 /* DescriptionViewController.swift */ = {isa = PBXFileReference; lastKnownFileType = sourcecode.swift; path = DescriptionViewController.swift; sourceTree = "<group>"; };
		844F1E9E27AD55D200B8FC74 /* TableViewCellOne.swift */ = {isa = PBXFileReference; lastKnownFileType = sourcecode.swift; path = TableViewCellOne.swift; sourceTree = "<group>"; };
		844F1E9F27AD55D200B8FC74 /* TableViewCellOne.xib */ = {isa = PBXFileReference; lastKnownFileType = file.xib; path = TableViewCellOne.xib; sourceTree = "<group>"; };
		84549E9A27A285A2001A49BD /* EmailHelper.swift */ = {isa = PBXFileReference; lastKnownFileType = sourcecode.swift; path = EmailHelper.swift; sourceTree = "<group>"; };
		84549E9C27A285C2001A49BD /* LoginHelper.swift */ = {isa = PBXFileReference; lastKnownFileType = sourcecode.swift; path = LoginHelper.swift; sourceTree = "<group>"; };
		84549E9E27A285D3001A49BD /* PasswordHelper.swift */ = {isa = PBXFileReference; lastKnownFileType = sourcecode.swift; path = PasswordHelper.swift; sourceTree = "<group>"; };
		8456B44827BA36290040EB32 /* DataSourceRegistration.swift */ = {isa = PBXFileReference; lastKnownFileType = sourcecode.swift; path = DataSourceRegistration.swift; sourceTree = "<group>"; };
		8456B44A27BA4F390040EB32 /* DataSourceSignin.swift */ = {isa = PBXFileReference; lastKnownFileType = sourcecode.swift; path = DataSourceSignin.swift; sourceTree = "<group>"; };
		8456B44C27BA56990040EB32 /* AuthTableHeader.swift */ = {isa = PBXFileReference; lastKnownFileType = sourcecode.swift; path = AuthTableHeader.swift; sourceTree = "<group>"; };
		8456B44E27BA64260040EB32 /* AuthTableFooter.swift */ = {isa = PBXFileReference; lastKnownFileType = sourcecode.swift; path = AuthTableFooter.swift; sourceTree = "<group>"; };
		846C47A127ABF69200E7784F /* MapViewController.swift */ = {isa = PBXFileReference; lastKnownFileType = sourcecode.swift; path = MapViewController.swift; sourceTree = "<group>"; };
		8478CEF627A3DA2800BB4731 /* MainViewController.swift */ = {isa = PBXFileReference; lastKnownFileType = sourcecode.swift; path = MainViewController.swift; sourceTree = "<group>"; };
		8478CEFA27A3EDAE00BB4731 /* Navigation.swift */ = {isa = PBXFileReference; lastKnownFileType = sourcecode.swift; path = Navigation.swift; sourceTree = "<group>"; };
		8483090327B533B4001DFB82 /* LoginManager.swift */ = {isa = PBXFileReference; lastKnownFileType = sourcecode.swift; path = LoginManager.swift; sourceTree = "<group>"; };
		84AA5A61279E9B9500157AFA /* Map.app */ = {isa = PBXFileReference; explicitFileType = wrapper.application; includeInIndex = 0; path = Map.app; sourceTree = BUILT_PRODUCTS_DIR; };
		84AA5A64279E9B9500157AFA /* AppDelegate.swift */ = {isa = PBXFileReference; lastKnownFileType = sourcecode.swift; path = AppDelegate.swift; sourceTree = "<group>"; };
		84AA5A6D279E9B9700157AFA /* Assets.xcassets */ = {isa = PBXFileReference; lastKnownFileType = folder.assetcatalog; path = Assets.xcassets; sourceTree = "<group>"; };
		84AA5A70279E9B9700157AFA /* Base */ = {isa = PBXFileReference; lastKnownFileType = file.storyboard; name = Base; path = Base.lproj/LaunchScreen.storyboard; sourceTree = "<group>"; };
		84AA5A72279E9B9700157AFA /* Info.plist */ = {isa = PBXFileReference; lastKnownFileType = text.plist.xml; path = Info.plist; sourceTree = "<group>"; };
		84AA5A78279EA61700157AFA /* LoginViewController.swift */ = {isa = PBXFileReference; lastKnownFileType = sourcecode.swift; path = LoginViewController.swift; sourceTree = "<group>"; };
		84AA5A7A279EA93E00157AFA /* TableViewInputCell.swift */ = {isa = PBXFileReference; lastKnownFileType = sourcecode.swift; path = TableViewInputCell.swift; sourceTree = "<group>"; };
/* End PBXFileReference section */

/* Begin PBXFrameworksBuildPhase section */
		84AA5A5E279E9B9500157AFA /* Frameworks */ = {
			isa = PBXFrameworksBuildPhase;
			buildActionMask = 2147483647;
			files = (
			);
			runOnlyForDeploymentPostprocessing = 0;
		};
/* End PBXFrameworksBuildPhase section */

/* Begin PBXGroup section */
		844D615227A7C4580012EE9B /* Cells */ = {
			isa = PBXGroup;
			children = (
				84AA5A7A279EA93E00157AFA /* TableViewInputCell.swift */,
			);
			path = Cells;
			sourceTree = "<group>";
		};
		844ED1B227AD460B0050C874 /* CellsTwo */ = {
			isa = PBXGroup;
			children = (
				844F1E9E27AD55D200B8FC74 /* TableViewCellOne.swift */,
				844F1E9F27AD55D200B8FC74 /* TableViewCellOne.xib */,
			);
			path = CellsTwo;
			sourceTree = "<group>";
		};
		84549EA227A2864C001A49BD /* Helpers */ = {
			isa = PBXGroup;
			children = (
				84549E9E27A285D3001A49BD /* PasswordHelper.swift */,
				84549E9A27A285A2001A49BD /* EmailHelper.swift */,
				84549E9C27A285C2001A49BD /* LoginHelper.swift */,
			);
			path = Helpers;
			sourceTree = "<group>";
		};
		84AA5A58279E9B9500157AFA = {
			isa = PBXGroup;
			children = (
				84AA5A63279E9B9500157AFA /* Map */,
				84AA5A62279E9B9500157AFA /* Products */,
			);
			sourceTree = "<group>";
		};
		84AA5A62279E9B9500157AFA /* Products */ = {
			isa = PBXGroup;
			children = (
				84AA5A61279E9B9500157AFA /* Map.app */,
			);
			name = Products;
			sourceTree = "<group>";
		};
		84AA5A63279E9B9500157AFA /* Map */ = {
			isa = PBXGroup;
			children = (
				84AA5A64279E9B9500157AFA /* AppDelegate.swift */,
				8478CEFA27A3EDAE00BB4731 /* Navigation.swift */,
				844E6A2B279FD1DE0039B5CF /* Enum.swift */,
				844D550727B681920014E66C /* LoginViewModel.swift */,
				8483090327B533B4001DFB82 /* LoginManager.swift */,
				844D615227A7C4580012EE9B /* Cells */,
				844ED1B227AD460B0050C874 /* CellsTwo */,
				84AA5A6D279E9B9700157AFA /* Assets.xcassets */,
				84AA5A6F279E9B9700157AFA /* LaunchScreen.storyboard */,
				8444661927BBD36E00DC79CB /* Localizable.strings */,
				8478CEF627A3DA2800BB4731 /* MainViewController.swift */,
				846C47A127ABF69200E7784F /* MapViewController.swift */,
				844ED1B027AD23D80050C874 /* DescriptionViewController.swift */,
				84AA5A72279E9B9700157AFA /* Info.plist */,
				84549EA227A2864C001A49BD /* Helpers */,
				8456B44827BA36290040EB32 /* DataSourceRegistration.swift */,
				8456B44A27BA4F390040EB32 /* DataSourceSignin.swift */,
				84AA5A78279EA61700157AFA /* LoginViewController.swift */,
				8456B44C27BA56990040EB32 /* AuthTableHeader.swift */,
				8456B44E27BA64260040EB32 /* AuthTableFooter.swift */,
			);
			path = Map;
			sourceTree = "<group>";
		};
/* End PBXGroup section */

/* Begin PBXNativeTarget section */
		84AA5A60279E9B9500157AFA /* Map */ = {
			isa = PBXNativeTarget;
			buildConfigurationList = 84AA5A75279E9B9700157AFA /* Build configuration list for PBXNativeTarget "Map" */;
			buildPhases = (
				84AA5A5D279E9B9500157AFA /* Sources */,
				84AA5A5E279E9B9500157AFA /* Frameworks */,
				84AA5A5F279E9B9500157AFA /* Resources */,
			);
			buildRules = (
			);
			dependencies = (
			);
			name = Map;
			productName = Map;
			productReference = 84AA5A61279E9B9500157AFA /* Map.app */;
			productType = "com.apple.product-type.application";
		};
/* End PBXNativeTarget section */

/* Begin PBXProject section */
		84AA5A59279E9B9500157AFA /* Project object */ = {
			isa = PBXProject;
			attributes = {
				BuildIndependentTargetsInParallel = 1;
				LastSwiftUpdateCheck = 1310;
				LastUpgradeCheck = 1310;
				TargetAttributes = {
					84AA5A60279E9B9500157AFA = {
						CreatedOnToolsVersion = 13.1;
					};
				};
			};
			buildConfigurationList = 84AA5A5C279E9B9500157AFA /* Build configuration list for PBXProject "Map" */;
			compatibilityVersion = "Xcode 13.0";
			developmentRegion = en;
			hasScannedForEncodings = 0;
			knownRegions = (
				en,
				Base,
				ru,
			);
			mainGroup = 84AA5A58279E9B9500157AFA;
			productRefGroup = 84AA5A62279E9B9500157AFA /* Products */;
			projectDirPath = "";
			projectRoot = "";
			targets = (
				84AA5A60279E9B9500157AFA /* Map */,
			);
		};
/* End PBXProject section */

/* Begin PBXResourcesBuildPhase section */
		84AA5A5F279E9B9500157AFA /* Resources */ = {
			isa = PBXResourcesBuildPhase;
			buildActionMask = 2147483647;
			files = (
				844F1EA127AD55D200B8FC74 /* TableViewCellOne.xib in Resources */,
				8444661727BBD36E00DC79CB /* Localizable.strings in Resources */,
				84AA5A71279E9B9700157AFA /* LaunchScreen.storyboard in Resources */,
				84AA5A6E279E9B9700157AFA /* Assets.xcassets in Resources */,
			);
			runOnlyForDeploymentPostprocessing = 0;
		};
/* End PBXResourcesBuildPhase section */

/* Begin PBXSourcesBuildPhase section */
		84AA5A5D279E9B9500157AFA /* Sources */ = {
			isa = PBXSourcesBuildPhase;
			buildActionMask = 2147483647;
			files = (
				8456B44F27BA64260040EB32 /* AuthTableFooter.swift in Sources */,
				8483090427B533B4001DFB82 /* LoginManager.swift in Sources */,
				844ED1B127AD23D80050C874 /* DescriptionViewController.swift in Sources */,
				840339B7279EC30900592615 /* TableViewInputCell.swift in Sources */,
				840339B6279EC30600592615 /* LoginViewController.swift in Sources */,
				8456B44B27BA4F390040EB32 /* DataSourceSignin.swift in Sources */,
				8478CEFB27A3EDAE00BB4731 /* Navigation.swift in Sources */,
				844F1EA027AD55D200B8FC74 /* TableViewCellOne.swift in Sources */,
				844D550827B681920014E66C /* LoginViewModel.swift in Sources */,
				8456B44D27BA56990040EB32 /* AuthTableHeader.swift in Sources */,
				84549E9F27A285D3001A49BD /* PasswordHelper.swift in Sources */,
				8456B44927BA36290040EB32 /* DataSourceRegistration.swift in Sources */,
				846C47A227ABF69200E7784F /* MapViewController.swift in Sources */,
				84549E9B27A285A2001A49BD /* EmailHelper.swift in Sources */,
				840339B5279EBF4C00592615 /* AppDelegate.swift in Sources */,
				84549E9D27A285C2001A49BD /* LoginHelper.swift in Sources */,
				844E6A2C279FD1DE0039B5CF /* Enum.swift in Sources */,
				8478CEF727A3DA2800BB4731 /* MainViewController.swift in Sources */,
			);
			runOnlyForDeploymentPostprocessing = 0;
		};
/* End PBXSourcesBuildPhase section */

/* Begin PBXVariantGroup section */
		8444661927BBD36E00DC79CB /* Localizable.strings */ = {
			isa = PBXVariantGroup;
			children = (
				8444661827BBD36E00DC79CB /* ru */,
				8444661B27BBD3CF00DC79CB /* en */,
			);
			name = Localizable.strings;
			sourceTree = "<group>";
		};
		84AA5A6F279E9B9700157AFA /* LaunchScreen.storyboard */ = {
			isa = PBXVariantGroup;
			children = (
				84AA5A70279E9B9700157AFA /* Base */,
				8444661427BBD21E00DC79CB /* ru */,
			);
			name = LaunchScreen.storyboard;
			sourceTree = "<group>";
		};
/* End PBXVariantGroup section */

/* Begin XCBuildConfiguration section */
		84AA5A73279E9B9700157AFA /* Debug */ = {
			isa = XCBuildConfiguration;
			buildSettings = {
				ALWAYS_SEARCH_USER_PATHS = NO;
				CLANG_ANALYZER_LOCALIZABILITY_NONLOCALIZED = YES;
				CLANG_ANALYZER_NONNULL = YES;
				CLANG_ANALYZER_NUMBER_OBJECT_CONVERSION = YES_AGGRESSIVE;
				CLANG_CXX_LANGUAGE_STANDARD = "gnu++17";
				CLANG_CXX_LIBRARY = "libc++";
				CLANG_ENABLE_MODULES = YES;
				CLANG_ENABLE_OBJC_ARC = YES;
				CLANG_ENABLE_OBJC_WEAK = YES;
				CLANG_WARN_BLOCK_CAPTURE_AUTORELEASING = YES;
				CLANG_WARN_BOOL_CONVERSION = YES;
				CLANG_WARN_COMMA = YES;
				CLANG_WARN_CONSTANT_CONVERSION = YES;
				CLANG_WARN_DEPRECATED_OBJC_IMPLEMENTATIONS = YES;
				CLANG_WARN_DIRECT_OBJC_ISA_USAGE = YES_ERROR;
				CLANG_WARN_DOCUMENTATION_COMMENTS = YES;
				CLANG_WARN_EMPTY_BODY = YES;
				CLANG_WARN_ENUM_CONVERSION = YES;
				CLANG_WARN_INFINITE_RECURSION = YES;
				CLANG_WARN_INT_CONVERSION = YES;
				CLANG_WARN_NON_LITERAL_NULL_CONVERSION = YES;
				CLANG_WARN_OBJC_IMPLICIT_RETAIN_SELF = YES;
				CLANG_WARN_OBJC_LITERAL_CONVERSION = YES;
				CLANG_WARN_OBJC_ROOT_CLASS = YES_ERROR;
				CLANG_WARN_QUOTED_INCLUDE_IN_FRAMEWORK_HEADER = YES;
				CLANG_WARN_RANGE_LOOP_ANALYSIS = YES;
				CLANG_WARN_STRICT_PROTOTYPES = YES;
				CLANG_WARN_SUSPICIOUS_MOVE = YES;
				CLANG_WARN_UNGUARDED_AVAILABILITY = YES_AGGRESSIVE;
				CLANG_WARN_UNREACHABLE_CODE = YES;
				CLANG_WARN__DUPLICATE_METHOD_MATCH = YES;
				COPY_PHASE_STRIP = NO;
				DEBUG_INFORMATION_FORMAT = dwarf;
				ENABLE_STRICT_OBJC_MSGSEND = YES;
				ENABLE_TESTABILITY = YES;
				GCC_C_LANGUAGE_STANDARD = gnu11;
				GCC_DYNAMIC_NO_PIC = NO;
				GCC_NO_COMMON_BLOCKS = YES;
				GCC_OPTIMIZATION_LEVEL = 0;
				GCC_PREPROCESSOR_DEFINITIONS = (
					"DEBUG=1",
					"$(inherited)",
				);
				GCC_WARN_64_TO_32_BIT_CONVERSION = YES;
				GCC_WARN_ABOUT_RETURN_TYPE = YES_ERROR;
				GCC_WARN_UNDECLARED_SELECTOR = YES;
				GCC_WARN_UNINITIALIZED_AUTOS = YES_AGGRESSIVE;
				GCC_WARN_UNUSED_FUNCTION = YES;
				GCC_WARN_UNUSED_VARIABLE = YES;
				IPHONEOS_DEPLOYMENT_TARGET = 15.0;
				MTL_ENABLE_DEBUG_INFO = INCLUDE_SOURCE;
				MTL_FAST_MATH = YES;
				ONLY_ACTIVE_ARCH = YES;
				SDKROOT = iphoneos;
				SWIFT_ACTIVE_COMPILATION_CONDITIONS = DEBUG;
				SWIFT_OPTIMIZATION_LEVEL = "-Onone";
			};
			name = Debug;
		};
		84AA5A74279E9B9700157AFA /* Release */ = {
			isa = XCBuildConfiguration;
			buildSettings = {
				ALWAYS_SEARCH_USER_PATHS = NO;
				CLANG_ANALYZER_LOCALIZABILITY_NONLOCALIZED = YES;
				CLANG_ANALYZER_NONNULL = YES;
				CLANG_ANALYZER_NUMBER_OBJECT_CONVERSION = YES_AGGRESSIVE;
				CLANG_CXX_LANGUAGE_STANDARD = "gnu++17";
				CLANG_CXX_LIBRARY = "libc++";
				CLANG_ENABLE_MODULES = YES;
				CLANG_ENABLE_OBJC_ARC = YES;
				CLANG_ENABLE_OBJC_WEAK = YES;
				CLANG_WARN_BLOCK_CAPTURE_AUTORELEASING = YES;
				CLANG_WARN_BOOL_CONVERSION = YES;
				CLANG_WARN_COMMA = YES;
				CLANG_WARN_CONSTANT_CONVERSION = YES;
				CLANG_WARN_DEPRECATED_OBJC_IMPLEMENTATIONS = YES;
				CLANG_WARN_DIRECT_OBJC_ISA_USAGE = YES_ERROR;
				CLANG_WARN_DOCUMENTATION_COMMENTS = YES;
				CLANG_WARN_EMPTY_BODY = YES;
				CLANG_WARN_ENUM_CONVERSION = YES;
				CLANG_WARN_INFINITE_RECURSION = YES;
				CLANG_WARN_INT_CONVERSION = YES;
				CLANG_WARN_NON_LITERAL_NULL_CONVERSION = YES;
				CLANG_WARN_OBJC_IMPLICIT_RETAIN_SELF = YES;
				CLANG_WARN_OBJC_LITERAL_CONVERSION = YES;
				CLANG_WARN_OBJC_ROOT_CLASS = YES_ERROR;
				CLANG_WARN_QUOTED_INCLUDE_IN_FRAMEWORK_HEADER = YES;
				CLANG_WARN_RANGE_LOOP_ANALYSIS = YES;
				CLANG_WARN_STRICT_PROTOTYPES = YES;
				CLANG_WARN_SUSPICIOUS_MOVE = YES;
				CLANG_WARN_UNGUARDED_AVAILABILITY = YES_AGGRESSIVE;
				CLANG_WARN_UNREACHABLE_CODE = YES;
				CLANG_WARN__DUPLICATE_METHOD_MATCH = YES;
				COPY_PHASE_STRIP = NO;
				DEBUG_INFORMATION_FORMAT = "dwarf-with-dsym";
				ENABLE_NS_ASSERTIONS = NO;
				ENABLE_STRICT_OBJC_MSGSEND = YES;
				GCC_C_LANGUAGE_STANDARD = gnu11;
				GCC_NO_COMMON_BLOCKS = YES;
				GCC_WARN_64_TO_32_BIT_CONVERSION = YES;
				GCC_WARN_ABOUT_RETURN_TYPE = YES_ERROR;
				GCC_WARN_UNDECLARED_SELECTOR = YES;
				GCC_WARN_UNINITIALIZED_AUTOS = YES_AGGRESSIVE;
				GCC_WARN_UNUSED_FUNCTION = YES;
				GCC_WARN_UNUSED_VARIABLE = YES;
				IPHONEOS_DEPLOYMENT_TARGET = 15.0;
				MTL_ENABLE_DEBUG_INFO = NO;
				MTL_FAST_MATH = YES;
				SDKROOT = iphoneos;
				SWIFT_COMPILATION_MODE = wholemodule;
				SWIFT_OPTIMIZATION_LEVEL = "-O";
				VALIDATE_PRODUCT = YES;
			};
			name = Release;
		};
		84AA5A76279E9B9700157AFA /* Debug */ = {
			isa = XCBuildConfiguration;
			buildSettings = {
				ASSETCATALOG_COMPILER_APPICON_NAME = AppIcon;
				ASSETCATALOG_COMPILER_GLOBAL_ACCENT_COLOR_NAME = AccentColor;
				CODE_SIGN_STYLE = Automatic;
				CURRENT_PROJECT_VERSION = 1;
				DEVELOPMENT_TEAM = 9RAUBXZJV6;
				GENERATE_INFOPLIST_FILE = YES;
				INFOPLIST_FILE = Map/Info.plist;
				INFOPLIST_KEY_UIApplicationSupportsIndirectInputEvents = YES;
				INFOPLIST_KEY_UILaunchStoryboardName = LaunchScreen;
				INFOPLIST_KEY_UISupportedInterfaceOrientations = "UIInterfaceOrientationPortrait UIInterfaceOrientationLandscapeLeft UIInterfaceOrientationLandscapeRight";
				INFOPLIST_KEY_UISupportedInterfaceOrientations_iPad = "UIInterfaceOrientationPortrait UIInterfaceOrientationPortraitUpsideDown UIInterfaceOrientationLandscapeLeft UIInterfaceOrientationLandscapeRight";
				INFOPLIST_KEY_UISupportedInterfaceOrientations_iPhone = "UIInterfaceOrientationPortrait UIInterfaceOrientationLandscapeLeft UIInterfaceOrientationLandscapeRight";
				LD_RUNPATH_SEARCH_PATHS = (
					"$(inherited)",
					"@executable_path/Frameworks",
				);
				MARKETING_VERSION = 1.0;
				PRODUCT_BUNDLE_IDENTIFIER = com.mustafa.lab.Map;
				PRODUCT_NAME = "$(TARGET_NAME)";
				SWIFT_EMIT_LOC_STRINGS = YES;
				SWIFT_VERSION = 5.0;
				TARGETED_DEVICE_FAMILY = 1;
			};
			name = Debug;
		};
		84AA5A77279E9B9700157AFA /* Release */ = {
			isa = XCBuildConfiguration;
			buildSettings = {
				ASSETCATALOG_COMPILER_APPICON_NAME = AppIcon;
				ASSETCATALOG_COMPILER_GLOBAL_ACCENT_COLOR_NAME = AccentColor;
				CODE_SIGN_STYLE = Automatic;
				CURRENT_PROJECT_VERSION = 1;
				DEVELOPMENT_TEAM = 9RAUBXZJV6;
				GENERATE_INFOPLIST_FILE = YES;
				INFOPLIST_FILE = Map/Info.plist;
				INFOPLIST_KEY_UIApplicationSupportsIndirectInputEvents = YES;
				INFOPLIST_KEY_UILaunchStoryboardName = LaunchScreen;
				INFOPLIST_KEY_UISupportedInterfaceOrientations = "UIInterfaceOrientationPortrait UIInterfaceOrientationLandscapeLeft UIInterfaceOrientationLandscapeRight";
				INFOPLIST_KEY_UISupportedInterfaceOrientations_iPad = "UIInterfaceOrientationPortrait UIInterfaceOrientationPortraitUpsideDown UIInterfaceOrientationLandscapeLeft UIInterfaceOrientationLandscapeRight";
				INFOPLIST_KEY_UISupportedInterfaceOrientations_iPhone = "UIInterfaceOrientationPortrait UIInterfaceOrientationLandscapeLeft UIInterfaceOrientationLandscapeRight";
				LD_RUNPATH_SEARCH_PATHS = (
					"$(inherited)",
					"@executable_path/Frameworks",
				);
				MARKETING_VERSION = 1.0;
				PRODUCT_BUNDLE_IDENTIFIER = com.mustafa.lab.Map;
				PRODUCT_NAME = "$(TARGET_NAME)";
				SWIFT_EMIT_LOC_STRINGS = YES;
				SWIFT_VERSION = 5.0;
				TARGETED_DEVICE_FAMILY = 1;
			};
			name = Release;
		};
/* End XCBuildConfiguration section */

/* Begin XCConfigurationList section */
		84AA5A5C279E9B9500157AFA /* Build configuration list for PBXProject "Map" */ = {
			isa = XCConfigurationList;
			buildConfigurations = (
				84AA5A73279E9B9700157AFA /* Debug */,
				84AA5A74279E9B9700157AFA /* Release */,
			);
			defaultConfigurationIsVisible = 0;
			defaultConfigurationName = Release;
		};
		84AA5A75279E9B9700157AFA /* Build configuration list for PBXNativeTarget "Map" */ = {
			isa = XCConfigurationList;
			buildConfigurations = (
				84AA5A76279E9B9700157AFA /* Debug */,
				84AA5A77279E9B9700157AFA /* Release */,
			);
			defaultConfigurationIsVisible = 0;
			defaultConfigurationName = Release;
		};
/* End XCConfigurationList section */
	};
	rootObject = 84AA5A59279E9B9500157AFA /* Project object */;
}
